
Microsoft Visual Studio Solution File, Format Version 12.00
# Visual Studio 2013
VisualStudioVersion = 12.0.31101.0
MinimumVisualStudioVersion = 10.0.40219.1
Project("{2150E333-8FDC-42A3-9474-1A3956D46DE8}") = ".nuget", ".nuget", "{D1CCBCC7-52F7-45F3-85A8-2A499B257CCD}"
	ProjectSection(SolutionItems) = preProject
		.nuget\NuGet.Config = .nuget\NuGet.Config
		.nuget\NuGet.exe = .nuget\NuGet.exe
		.nuget\NuGet.targets = .nuget\NuGet.targets
	EndProjectSection
EndProject
Project("{FAE04EC0-301F-11D3-BF4B-00C04F79EFBC}") = "NotFoundMvc", "NotFoundMvc\NotFoundMvc.csproj", "{3D01830A-45E9-471A-B8A4-E15BA1B26E33}"
EndProject
Project("{FAE04EC0-301F-11D3-BF4B-00C04F79EFBC}") = "DevRainSolutions.KyivSmartCity.New", "DevRainSolutions.KyivSmartCity.New\DevRainSolutions.KyivSmartCity.New.csproj", "{69F01B39-6A7D-4070-8E7B-5324C12F7185}"
EndProject
Global
	GlobalSection(TeamFoundationVersionControl) = preSolution
		SccNumberOfProjects = 3
		SccEnterpriseProvider = {4CA58AB2-18FA-4F8D-95D4-32DDF27D184C}
		SccTeamFoundationServer = https://devrain.visualstudio.com/defaultcollection
		SccLocalPath0 = .
		SccProjectUniqueName1 = DevRainSolutions.KyivSmartCity.New\\DevRainSolutions.KyivSmartCity.New.csproj
		SccProjectName1 = DevRainSolutions.KyivSmartCity.New
		SccLocalPath1 = DevRainSolutions.KyivSmartCity.New
		SccProjectUniqueName2 = NotFoundMvc\\NotFoundMvc.csproj
		SccProjectName2 = NotFoundMvc
		SccLocalPath2 = NotFoundMvc
	EndGlobalSection
	GlobalSection(SolutionConfigurationPlatforms) = preSolution
		Debug|Any CPU = Debug|Any CPU
		Release|Any CPU = Release|Any CPU
	EndGlobalSection
	GlobalSection(ProjectConfigurationPlatforms) = postSolution
		{3D01830A-45E9-471A-B8A4-E15BA1B26E33}.Debug|Any CPU.ActiveCfg = Debug|Any CPU
		{3D01830A-45E9-471A-B8A4-E15BA1B26E33}.Debug|Any CPU.Build.0 = Debug|Any CPU
		{3D01830A-45E9-471A-B8A4-E15BA1B26E33}.Release|Any CPU.ActiveCfg = Release|Any CPU
		{3D01830A-45E9-471A-B8A4-E15BA1B26E33}.Release|Any CPU.Build.0 = Release|Any CPU
		{69F01B39-6A7D-4070-8E7B-5324C12F7185}.Debug|Any CPU.ActiveCfg = Debug|Any CPU
		{69F01B39-6A7D-4070-8E7B-5324C12F7185}.Debug|Any CPU.Build.0 = Debug|Any CPU
		{69F01B39-6A7D-4070-8E7B-5324C12F7185}.Release|Any CPU.ActiveCfg = Release|Any CPU
		{69F01B39-6A7D-4070-8E7B-5324C12F7185}.Release|Any CPU.Build.0 = Release|Any CPU
	EndGlobalSection
	GlobalSection(SolutionProperties) = preSolution
		HideSolutionNode = FALSE
	EndGlobalSection
EndGlobal
